[
    {
        "package": "fuchsia/cts/linux-amd64",
        "version": "git_revision:700fa56a09596f8ca813768e0374fe895f554ef1",
        "instance_id": "p-bPW9pAHPOcuWh6Qh1G0dHgtCf-D8BkFbz06YqaaYQC"
    },
    {
        "package": "fuchsia/cts/linux-amd64",
        "version": "git_revision:80d1fdd1246d3f118b6cd2f5796ea315572481c1",
        "instance_id": "vuCXRqvSSiyLEF8ZmHjAYIyMZFySCENs9pDJOC5c02IC"
    },
    {
        "package": "fuchsia/cts/linux-amd64",
        "version": "git_revision:e129721b2055fff2eb942bc4a1f2bdb209944787",
        "instance_id": "k-unmcXOT9mdM3SOIXOb7OHFapjV0SWfrUznwvtkdO8C"
    },
    {
        "package": "fuchsia/development/product_bundles/v2",
        "version": "f27",
        "instance_id": "NXXGB73QgVz1NP6AYbXnLzFl7v_n-jA1I22eqpzJoRwC"
    },
    {
        "package": "fuchsia/development/product_bundles/v2",
        "version": "f28",
        "instance_id": "YrRGyoN0R-vkU3i2awxmuUwtbGmzy-LBdlLvMHZvFNAC"
    },
    {
        "package": "fuchsia/development/product_bundles/v2",
        "version": "f29",
        "instance_id": "4BmLuQfkriFjDNlXLHsepsy599QEWMZ679ZpDVVaMD4C"
    },
    {
        "package": "fuchsia/infra/test_durations",
        "version": "version:20260123103031",
        "instance_id": "2VEDzHJCmqk6Wbzd0n3U_286bKnK2tsvWTPAopDH7R4C"
    },
    {
        "package": "fuchsia/sdk/core/linux-amd64",
        "version": "f27",
        "instance_id": "tSSSz1D-vaCGYLaySJh09wi8DyVhkXI-mXE1r2iKKp8C"
    },
    {
        "package": "fuchsia/sdk/core/linux-amd64",
        "version": "f28",
        "instance_id": "_Gl9jFCgNHx68ViUHyeOcvaYu09KlR_aXeFPZx9c3fcC"
    },
    {
        "package": "fuchsia/sdk/core/linux-amd64",
        "version": "f29",
        "instance_id": "KKoZt5Ym9uXo8EhVfEopF0BbrqBKhtPjEjMQJeQbhSUC"
    }
]